// !$*UTF8*$!
{
	archiveVersion = 1;
	classes = {
	};
	objectVersion = 46;
	objects = {

/* Begin PBXBuildFile section */
		8C914B1D1BD12772005DDA99 /* AppDelegate.swift in Sources */ = {isa = PBXBuildFile; fileRef = 8C914B1C1BD12772005DDA99 /* AppDelegate.swift */; };
		8C914B1F1BD12772005DDA99 /* ViewController.swift in Sources */ = {isa = PBXBuildFile; fileRef = 8C914B1E1BD12772005DDA99 /* ViewController.swift */; };
		8C914B221BD12772005DDA99 /* Main.storyboard in Resources */ = {isa = PBXBuildFile; fileRef = 8C914B201BD12772005DDA99 /* Main.storyboard */; };
		8C914B241BD12772005DDA99 /* Assets.xcassets in Resources */ = {isa = PBXBuildFile; fileRef = 8C914B231BD12772005DDA99 /* Assets.xcassets */; };
		8C914B271BD12772005DDA99 /* LaunchScreen.storyboard in Resources */ = {isa = PBXBuildFile; fileRef = 8C914B251BD12772005DDA99 /* LaunchScreen.storyboard */; };
		8C914B321BD12773005DDA99 /* com_tablaz_hellowordTests.swift in Sources */ = {isa = PBXBuildFile; fileRef = 8C914B311BD12773005DDA99 /* com_tablaz_hellowordTests.swift */; };
		8C914B3D1BD12773005DDA99 /* com_tablaz_hellowordUITests.swift in Sources */ = {isa = PBXBuildFile; fileRef = 8C914B3C1BD12773005DDA99 /* com_tablaz_hellowordUITests.swift */; };
/* End PBXBuildFile section */

/* Begin PBXContainerItemProxy section */
		8C914B2E1BD12773005DDA99 /* PBXContainerItemProxy */ = {
			isa = PBXContainerItemProxy;
			containerPortal = 8C914B111BD12772005DDA99 /* Project object */;
			proxyType = 1;
			remoteGlobalIDString = 8C914B181BD12772005DDA99;
			remoteInfo = com.tablaz.helloword;
		};
		8C914B391BD12773005DDA99 /* PBXContainerItemProxy */ = {
			isa = PBXContainerItemProxy;
			containerPortal = 8C914B111BD12772005DDA99 /* Project object */;
			proxyType = 1;
			remoteGlobalIDString = 8C914B181BD12772005DDA99;
			remoteInfo = com.tablaz.helloword;
		};
/* End PBXContainerItemProxy section */

/* Begin PBXFileReference section */
		8C914B191BD12772005DDA99 /* com.tablaz.helloword.app */ = {isa = PBXFileReference; explicitFileType = wrapper.application; includeInIndex = 0; path = com.tablaz.helloword.app; sourceTree = BUILT_PRODUCTS_DIR; };
		8C914B1C1BD12772005DDA99 /* AppDelegate.swift */ = {isa = PBXFileReference; lastKnownFileType = sourcecode.swift; path = AppDelegate.swift; sourceTree = "<group>"; };
		8C914B1E1BD12772005DDA99 /* ViewController.swift */ = {isa = PBXFileReference; lastKnownFileType = sourcecode.swift; path = ViewController.swift; sourceTree = "<group>"; };
		8C914B211BD12772005DDA99 /* Base */ = {isa = PBXFileReference; lastKnownFileType = file.storyboard; name = Base; path = Base.lproj/Main.storyboard; sourceTree = "<group>"; };
		8C914B231BD12772005DDA99 /* Assets.xcassets */ = {isa = PBXFileReference; lastKnownFileType = folder.assetcatalog; path = Assets.xcassets; sourceTree = "<group>"; };
		8C914B261BD12772005DDA99 /* Base */ = {isa = PBXFileReference; lastKnownFileType = file.storyboard; name = Base; path = Base.lproj/LaunchScreen.storyboard; sourceTree = "<group>"; };
		8C914B281BD12772005DDA99 /* Info.plist */ = {isa = PBXFileReference; lastKnownFileType = text.plist.xml; path = Info.plist; sourceTree = "<group>"; };
		8C914B2D1BD12773005DDA99 /* com.tablaz.hellowordTests.xctest */ = {isa = PBXFileReference; explicitFileType = wrapper.cfbundle; includeInIndex = 0; path = com.tablaz.hellowordTests.xctest; sourceTree = BUILT_PRODUCTS_DIR; };
		8C914B311BD12773005DDA99 /* com_tablaz_hellowordTests.swift */ = {isa = PBXFileReference; lastKnownFileType = sourcecode.swift; path = com_tablaz_hellowordTests.swift; sourceTree = "<group>"; };
		8C914B331BD12773005DDA99 /* Info.plist */ = {isa = PBXFileReference; lastKnownFileType = text.plist.xml; path = Info.plist; sourceTree = "<group>"; };
		8C914B381BD12773005DDA99 /* com.tablaz.hellowordUITests.xctest */ = {isa = PBXFileReference; explicitFileType = wrapper.cfbundle; includeInIndex = 0; path = com.tablaz.hellowordUITests.xctest; sourceTree = BUILT_PRODUCTS_DIR; };
		8C914B3C1BD12773005DDA99 /* com_tablaz_hellowordUITests.swift */ = {isa = PBXFileReference; lastKnownFileType = sourcecode.swift; path = com_tablaz_hellowordUITests.swift; sourceTree = "<group>"; };
		8C914B3E1BD12773005DDA99 /* Info.plist */ = {isa = PBXFileReference; lastKnownFileType = text.plist.xml; path = Info.plist; sourceTree = "<group>"; };
/* End PBXFileReference section */

/* Begin PBXFrameworksBuildPhase section */
		8C914B161BD12772005DDA99 /* Frameworks */ = {
			isa = PBXFrameworksBuildPhase;
			buildActionMask = 2147483647;
			files = (
			);
			runOnlyForDeploymentPostprocessing = 0;
		};
		8C914B2A1BD12773005DDA99 /* Frameworks */ = {
			isa = PBXFrameworksBuildPhase;
			buildActionMask = 2147483647;
			files = (
			);
			runOnlyForDeploymentPostprocessing = 0;
		};
		8C914B351BD12773005DDA99 /* Frameworks */ = {
			isa = PBXFrameworksBuildPhase;
			buildActionMask = 2147483647;
			files = (
			);
			runOnlyForDeploymentPostprocessing = 0;
		};
/* End PBXFrameworksBuildPhase section */

/* Begin PBXGroup section */
		8C914B101BD12772005DDA99 = {
			isa = PBXGroup;
			children = (
				8C914B1B1BD12772005DDA99 /* com.tablaz.helloword */,
				8C914B301BD12773005DDA99 /* com.tablaz.hellowordTests */,
				8C914B3B1BD12773005DDA99 /* com.tablaz.hellowordUITests */,
				8C914B1A1BD12772005DDA99 /* Products */,
			);
			sourceTree = "<group>";
		};
		8C914B1A1BD12772005DDA99 /* Products */ = {
			isa = PBXGroup;
			children = (
				8C914B191BD12772005DDA99 /* com.tablaz.helloword.app */,
				8C914B2D1BD12773005DDA99 /* com.tablaz.hellowordTests.xctest */,
				8C914B381BD12773005DDA99 /* com.tablaz.hellowordUITests.xctest */,
			);
			name = Products;
			sourceTree = "<group>";
		};
		8C914B1B1BD12772005DDA99 /* com.tablaz.helloword */ = {
			isa = PBXGroup;
			children = (
				8C914B1C1BD12772005DDA99 /* AppDelegate.swift */,
				8C914B1E1BD12772005DDA99 /* ViewController.swift */,
				8C914B201BD12772005DDA99 /* Main.storyboard */,
				8C914B231BD12772005DDA99 /* Assets.xcassets */,
				8C914B251BD12772005DDA99 /* LaunchScreen.storyboard */,
				8C914B281BD12772005DDA99 /* Info.plist */,
			);
			path = com.tablaz.helloword;
			sourceTree = "<group>";
		};
		8C914B301BD12773005DDA99 /* com.tablaz.hellowordTests */ = {
			isa = PBXGroup;
			children = (
				8C914B311BD12773005DDA99 /* com_tablaz_hellowordTests.swift */,
				8C914B331BD12773005DDA99 /* Info.plist */,
			);
			path = com.tablaz.hellowordTests;
			sourceTree = "<group>";
		};
		8C914B3B1BD12773005DDA99 /* com.tablaz.hellowordUITests */ = {
			isa = PBXGroup;
			children = (
				8C914B3C1BD12773005DDA99 /* com_tablaz_hellowordUITests.swift */,
				8C914B3E1BD12773005DDA99 /* Info.plist */,
			);
			path = com.tablaz.hellowordUITests;
			sourceTree = "<group>";
		};
/* End PBXGroup section */

/* Begin PBXNativeTarget section */
		8C914B181BD12772005DDA99 /* com.tablaz.helloword */ = {
			isa = PBXNativeTarget;
			buildConfigurationList = 8C914B411BD12773005DDA99 /* Build configuration list for PBXNativeTarget "com.tablaz.helloword" */;
			buildPhases = (
				8C914B151BD12772005DDA99 /* Sources */,
				8C914B161BD12772005DDA99 /* Frameworks */,
				8C914B171BD12772005DDA99 /* Resources */,
			);
			buildRules = (
			);
			dependencies = (
			);
			name = com.tablaz.helloword;
			productName = com.tablaz.helloword;
			productReference = 8C914B191BD12772005DDA99 /* com.tablaz.helloword.app */;
			productType = "com.apple.product-type.application";
		};
		8C914B2C1BD12773005DDA99 /* com.tablaz.hellowordTests */ = {
			isa = PBXNativeTarget;
			buildConfigurationList = 8C914B441BD12773005DDA99 /* Build configuration list for PBXNativeTarget "com.tablaz.hellowordTests" */;
			buildPhases = (
				8C914B291BD12773005DDA99 /* Sources */,
				8C914B2A1BD12773005DDA99 /* Frameworks */,
				8C914B2B1BD12773005DDA99 /* Resources */,
			);
			buildRules = (
			);
			dependencies = (
				8C914B2F1BD12773005DDA99 /* PBXTargetDependency */,
			);
			name = com.tablaz.hellowordTests;
			productName = com.tablaz.hellowordTests;
			productReference = 8C914B2D1BD12773005DDA99 /* com.tablaz.hellowordTests.xctest */;
			productType = "com.apple.product-type.bundle.unit-test";
		};
		8C914B371BD12773005DDA99 /* com.tablaz.hellowordUITests */ = {
			isa = PBXNativeTarget;
			buildConfigurationList = 8C914B471BD12773005DDA99 /* Build configuration list for PBXNativeTarget "com.tablaz.hellowordUITests" */;
			buildPhases = (
				8C914B341BD12773005DDA99 /* Sources */,
				8C914B351BD12773005DDA99 /* Frameworks */,
				8C914B361BD12773005DDA99 /* Resources */,
			);
			buildRules = (
			);
			dependencies = (
				8C914B3A1BD12773005DDA99 /* PBXTargetDependency */,
			);
			name = com.tablaz.hellowordUITests;
			productName = com.tablaz.hellowordUITests;
			productReference = 8C914B381BD12773005DDA99 /* com.tablaz.hellowordUITests.xctest */;
			productType = "com.apple.product-type.bundle.ui-testing";
		};
/* End PBXNativeTarget section */

/* Begin PBXProject section */
		8C914B111BD12772005DDA99 /* Project object */ = {
			isa = PBXProject;
			attributes = {
				LastUpgradeCheck = 0700;
				ORGANIZATIONNAME = "Ricardo Restrepo";
				TargetAttributes = {
					8C914B181BD12772005DDA99 = {
						CreatedOnToolsVersion = 7.0;
					};
					8C914B2C1BD12773005DDA99 = {
						CreatedOnToolsVersion = 7.0;
						TestTargetID = 8C914B181BD12772005DDA99;
					};
					8C914B371BD12773005DDA99 = {
						CreatedOnToolsVersion = 7.0;
						TestTargetID = 8C914B181BD12772005DDA99;
					};
				};
			};
			buildConfigurationList = 8C914B141BD12772005DDA99 /* Build configuration list for PBXProject "com.tablaz.helloword" */;
			compatibilityVersion = "Xcode 3.2";
			developmentRegion = English;
			hasScannedForEncodings = 0;
			knownRegions = (
				en,
				Base,
			);
			mainGroup = 8C914B101BD12772005DDA99;
			productRefGroup = 8C914B1A1BD12772005DDA99 /* Products */;
			projectDirPath = "";
			projectRoot = "";
			targets = (
				8C914B181BD12772005DDA99 /* com.tablaz.helloword */,
				8C914B2C1BD12773005DDA99 /* com.tablaz.hellowordTests */,
				8C914B371BD12773005DDA99 /* com.tablaz.hellowordUITests */,
			);
		};
/* End PBXProject section */

/* Begin PBXResourcesBuildPhase section */
		8C914B171BD12772005DDA99 /* Resources */ = {
			isa = PBXResourcesBuildPhase;
			buildActionMask = 2147483647;
			files = (
				8C914B271BD12772005DDA99 /* LaunchScreen.storyboard in Resources */,
				8C914B241BD12772005DDA99 /* Assets.xcassets in Resources */,
				8C914B221BD12772005DDA99 /* Main.storyboard in Resources */,
			);
			runOnlyForDeploymentPostprocessing = 0;
		};
		8C914B2B1BD12773005DDA99 /* Resources */ = {
			isa = PBXResourcesBuildPhase;
			buildActionMask = 2147483647;
			files = (
			);
			runOnlyForDeploymentPostprocessing = 0;
		};
		8C914B361BD12773005DDA99 /* Resources */ = {
			isa = PBXResourcesBuildPhase;
			buildActionMask = 2147483647;
			files = (
			);
			runOnlyForDeploymentPostprocessing = 0;
		};
/* End PBXResourcesBuildPhase section */

/* Begin PBXSourcesBuildPhase section */
		8C914B151BD12772005DDA99 /* Sources */ = {
			isa = PBXSourcesBuildPhase;
			buildActionMask = 2147483647;
			files = (
				8C914B1F1BD12772005DDA99 /* ViewController.swift in Sources */,
				8C914B1D1BD12772005DDA99 /* AppDelegate.swift in Sources */,
			);
			runOnlyForDeploymentPostprocessing = 0;
		};
		8C914B291BD12773005DDA99 /* Sources */ = {
			isa = PBXSourcesBuildPhase;
			buildActionMask = 2147483647;
			files = (
				8C914B321BD12773005DDA99 /* com_tablaz_hellowordTests.swift in Sources */,
			);
			runOnlyForDeploymentPostprocessing = 0;
		};
		8C914B341BD12773005DDA99 /* Sources */ = {
			isa = PBXSourcesBuildPhase;
			buildActionMask = 2147483647;
			files = (
				8C914B3D1BD12773005DDA99 /* com_tablaz_hellowordUITests.swift in Sources */,
			);
			runOnlyForDeploymentPostprocessing = 0;
		};
/* End PBXSourcesBuildPhase section */

/* Begin PBXTargetDependency section */
		8C914B2F1BD12773005DDA99 /* PBXTargetDependency */ = {
			isa = PBXTargetDependency;
			target = 8C914B181BD12772005DDA99 /* com.tablaz.helloword */;
			targetProxy = 8C914B2E1BD12773005DDA99 /* PBXContainerItemProxy */;
		};
		8C914B3A1BD12773005DDA99 /* PBXTargetDependency */ = {
			isa = PBXTargetDependency;
			target = 8C914B181BD12772005DDA99 /* com.tablaz.helloword */;
			targetProxy = 8C914B391BD12773005DDA99 /* PBXContainerItemProxy */;
		};
/* End PBXTargetDependency section */

/* Begin PBXVariantGroup section */
		8C914B201BD12772005DDA99 /* Main.storyboard */ = {
			isa = PBXVariantGroup;
			children = (
				8C914B211BD12772005DDA99 /* Base */,
			);
			name = Main.storyboard;
			sourceTree = "<group>";
		};
		8C914B251BD12772005DDA99 /* LaunchScreen.storyboard */ = {
			isa = PBXVariantGroup;
			children = (
				8C914B261BD12772005DDA99 /* Base */,
			);
			name = LaunchScreen.storyboard;
			sourceTree = "<group>";
		};
/* End PBXVariantGroup section */

/* Begin XCBuildConfiguration section */
		8C914B3F1BD12773005DDA99 /* Debug */ = {
			isa = XCBuildConfiguration;
			buildSettings = {
				ALWAYS_SEARCH_USER_PATHS = NO;
				CLANG_CXX_LANGUAGE_STANDARD = "gnu++0x";
				CLANG_CXX_LIBRARY = "libc++";
				CLANG_ENABLE_MODULES = YES;
				CLANG_ENABLE_OBJC_ARC = YES;
				CLANG_WARN_BOOL_CONVERSION = YES;
				CLANG_WARN_CONSTANT_CONVERSION = YES;
				CLANG_WARN_DIRECT_OBJC_ISA_USAGE = YES_ERROR;
				CLANG_WARN_EMPTY_BODY = YES;
				CLANG_WARN_ENUM_CONVERSION = YES;
				CLANG_WARN_INT_CONVERSION = YES;
				CLANG_WARN_OBJC_ROOT_CLASS = YES_ERROR;
				CLANG_WARN_UNREACHABLE_CODE = YES;
				CLANG_WARN__DUPLICATE_METHOD_MATCH = YES;
				"CODE_SIGN_IDENTITY[sdk=iphoneos*]" = "iPhone Developer";
				COPY_PHASE_STRIP = NO;
				DEBUG_INFORMATION_FORMAT = dwarf;
				ENABLE_STRICT_OBJC_MSGSEND = YES;
				ENABLE_TESTABILITY = YES;
				GCC_C_LANGUAGE_STANDARD = gnu99;
				GCC_DYNAMIC_NO_PIC = NO;
				GCC_NO_COMMON_BLOCKS = YES;
				GCC_OPTIMIZATION_LEVEL = 0;
				GCC_PREPROCESSOR_DEFINITIONS = (
					"DEBUG=1",
					"$(inherited)",
				);
				GCC_WARN_64_TO_32_BIT_CONVERSION = YES;
				GCC_WARN_ABOUT_RETURN_TYPE = YES_ERROR;
				GCC_WARN_UNDECLARED_SELECTOR = YES;
				GCC_WARN_UNINITIALIZED_AUTOS = YES_AGGRESSIVE;
				GCC_WARN_UNUSED_FUNCTION = YES;
				GCC_WARN_UNUSED_VARIABLE = YES;
				IPHONEOS_DEPLOYMENT_TARGET = 9.0;
				MTL_ENABLE_DEBUG_INFO = YES;
				ONLY_ACTIVE_ARCH = YES;
				SDKROOT = iphoneos;
				SWIFT_OPTIMIZATION_LEVEL = "-Onone";
			};
			name = Debug;
		};
		8C914B401BD12773005DDA99 /* Release */ = {
			isa = XCBuildConfiguration;
			buildSettings = {
				ALWAYS_SEARCH_USER_PATHS = NO;
				CLANG_CXX_LANGUAGE_STANDARD = "gnu++0x";
				CLANG_CXX_LIBRARY = "libc++";
				CLANG_ENABLE_MODULES = YES;
				CLANG_ENABLE_OBJC_ARC = YES;
				CLANG_WARN_BOOL_CONVERSION = YES;
				CLANG_WARN_CONSTANT_CONVERSION = YES;
				CLANG_WARN_DIRECT_OBJC_ISA_USAGE = YES_ERROR;
				CLANG_WARN_EMPTY_BODY = YES;
				CLANG_WARN_ENUM_CONVERSION = YES;
				CLANG_WARN_INT_CONVERSION = YES;
				CLANG_WARN_OBJC_ROOT_CLASS = YES_ERROR;
				CLANG_WARN_UNREACHABLE_CODE = YES;
				CLANG_WARN__DUPLICATE_METHOD_MATCH = YES;
				"CODE_SIGN_IDENTITY[sdk=iphoneos*]" = "iPhone Developer";
				COPY_PHASE_STRIP = NO;
				DEBUG_INFORMATION_FORMAT = "dwarf-with-dsym";
				ENABLE_NS_ASSERTIONS = NO;
				ENABLE_STRICT_OBJC_MSGSEND = YES;
				GCC_C_LANGUAGE_STANDARD = gnu99;
				GCC_NO_COMMON_BLOCKS = YES;
				GCC_WARN_64_TO_32_BIT_CONVERSION = YES;
				GCC_WARN_ABOUT_RETURN_TYPE = YES_ERROR;
				GCC_WARN_UNDECLARED_SELECTOR = YES;
				GCC_WARN_UNINITIALIZED_AUTOS = YES_AGGRESSIVE;
				GCC_WARN_UNUSED_FUNCTION = YES;
				GCC_WARN_UNUSED_VARIABLE = YES;
				IPHONEOS_DEPLOYMENT_TARGET = 9.0;
				MTL_ENABLE_DEBUG_INFO = NO;
				SDKROOT = iphoneos;
				VALIDATE_PRODUCT = YES;
			};
			name = Release;
		};
		8C914B421BD12773005DDA99 /* Debug */ = {
			isa = XCBuildConfiguration;
			buildSettings = {
				ASSETCATALOG_COMPILER_APPICON_NAME = AppIcon;
				INFOPLIST_FILE = com.tablaz.helloword/Info.plist;
				LD_RUNPATH_SEARCH_PATHS = "$(inherited) @executable_path/Frameworks";
				PRODUCT_BUNDLE_IDENTIFIER = "tablaz.com-tablaz-helloword";
				PRODUCT_NAME = "$(TARGET_NAME)";
			};
			name = Debug;
		};
		8C914B431BD12773005DDA99 /* Release */ = {
			isa = XCBuildConfiguration;
			buildSettings = {
				ASSETCATALOG_COMPILER_APPICON_NAME = AppIcon;
				INFOPLIST_FILE = com.tablaz.helloword/Info.plist;
				LD_RUNPATH_SEARCH_PATHS = "$(inherited) @executable_path/Frameworks";
				PRODUCT_BUNDLE_IDENTIFIER = "tablaz.com-tablaz-helloword";
				PRODUCT_NAME = "$(TARGET_NAME)";
			};
			name = Release;
		};
		8C914B451BD12773005DDA99 /* Debug */ = {
			isa = XCBuildConfiguration;
			buildSettings = {
				BUNDLE_LOADER = "$(TEST_HOST)";
				INFOPLIST_FILE = com.tablaz.hellowordTests/Info.plist;
				LD_RUNPATH_SEARCH_PATHS = "$(inherited) @executable_path/Frameworks @loader_path/Frameworks";
				PRODUCT_BUNDLE_IDENTIFIER = "tablaz.com-tablaz-hellowordTests";
				PRODUCT_NAME = "$(TARGET_NAME)";
				TEST_HOST = "$(BUILT_PRODUCTS_DIR)/com.tablaz.helloword.app/com.tablaz.helloword";
			};
			name = Debug;
		};
		8C914B461BD12773005DDA99 /* Release */ = {
			isa = XCBuildConfiguration;
			buildSettings = {
				BUNDLE_LOADER = "$(TEST_HOST)";
				INFOPLIST_FILE = com.tablaz.hellowordTests/Info.plist;
				LD_RUNPATH_SEARCH_PATHS = "$(inherited) @executable_path/Frameworks @loader_path/Frameworks";
				PRODUCT_BUNDLE_IDENTIFIER = "tablaz.com-tablaz-hellowordTests";
				PRODUCT_NAME = "$(TARGET_NAME)";
				TEST_HOST = "$(BUILT_PRODUCTS_DIR)/com.tablaz.helloword.app/com.tablaz.helloword";
			};
			name = Release;
		};
		8C914B481BD12773005DDA99 /* Debug */ = {
			isa = XCBuildConfiguration;
			buildSettings = {
				INFOPLIST_FILE = com.tablaz.hellowordUITests/Info.plist;
				LD_RUNPATH_SEARCH_PATHS = "$(inherited) @executable_path/Frameworks @loader_path/Frameworks";
				PRODUCT_BUNDLE_IDENTIFIER = "tablaz.com-tablaz-hellowordUITests";
				PRODUCT_NAME = "$(TARGET_NAME)";
				TEST_TARGET_NAME = com.tablaz.helloword;
				USES_XCTRUNNER = YES;
			};
			name = Debug;
		};
		8C914B491BD12773005DDA99 /* Release */ = {
			isa = XCBuildConfiguration;
			buildSettings = {
				INFOPLIST_FILE = com.tablaz.hellowordUITests/Info.plist;
				LD_RUNPATH_SEARCH_PATHS = "$(inherited) @executable_path/Frameworks @loader_path/Frameworks";
				PRODUCT_BUNDLE_IDENTIFIER = "tablaz.com-tablaz-hellowordUITests";
				PRODUCT_NAME = "$(TARGET_NAME)";
				TEST_TARGET_NAME = com.tablaz.helloword;
				USES_XCTRUNNER = YES;
			};
			name = Release;
		};
/* End XCBuildConfiguration section */

/* Begin XCConfigurationList section */
		8C914B141BD12772005DDA99 /* Build configuration list for PBXProject "com.tablaz.helloword" */ = {
			isa = XCConfigurationList;
			buildConfigurations = (
				8C914B3F1BD12773005DDA99 /* Debug */,
				8C914B401BD12773005DDA99 /* Release */,
			);
			defaultConfigurationIsVisible = 0;
			defaultConfigurationName = Release;
		};
		8C914B411BD12773005DDA99 /* Build configuration list for PBXNativeTarget "com.tablaz.helloword" */ = {
			isa = XCConfigurationList;
			buildConfigurations = (
				8C914B421BD12773005DDA99 /* Debug */,
				8C914B431BD12773005DDA99 /* Release */,
			);
			defaultConfigurationIsVisible = 0;
		};
		8C914B441BD12773005DDA99 /* Build configuration list for PBXNativeTarget "com.tablaz.hellowordTests" */ = {
			isa = XCConfigurationList;
			buildConfigurations = (
				8C914B451BD12773005DDA99 /* Debug */,
				8C914B461BD12773005DDA99 /* Release */,
			);
			defaultConfigurationIsVisible = 0;
		};
		8C914B471BD12773005DDA99 /* Build configuration list for PBXNativeTarget "com.tablaz.hellowordUITests" */ = {
			isa = XCConfigurationList;
			buildConfigurations = (
				8C914B481BD12773005DDA99 /* Debug */,
				8C914B491BD12773005DDA99 /* Release */,
			);
			defaultConfigurationIsVisible = 0;
		};
/* End XCConfigurationList section */
	};
	rootObject = 8C914B111BD12772005DDA99 /* Project object */;
}
